
Microsoft Visual Studio Solution File, Format Version 12.00
# Visual Studio 15
VisualStudioVersion = 15.0.26730.12
MinimumVisualStudioVersion = 10.0.40219.1
Project("{9A19103F-16F7-4668-BE54-9A1E7A4F7556}") = "Tests", "Tests\Tests.csproj", "{A7F9C56F-A617-40F8-A3C5-00AF33913C01}"
EndProject
Project("{FAE04EC0-301F-11D3-BF4B-00C04F79EFBC}") = "Client", "Client\Client.csproj", "{A803C895-5F28-4AFD-9E61-BE9CD99A69DB}"
EndProject
Global
	GlobalSection(SolutionConfigurationPlatforms) = preSolution
		Debug|Any CPU = Debug|Any CPU
		Release|Any CPU = Release|Any CPU
	EndGlobalSection
	GlobalSection(ProjectConfigurationPlatforms) = postSolution
		{A7F9C56F-A617-40F8-A3C5-00AF33913C01}.Debug|Any CPU.ActiveCfg = Debug|Any CPU
		{A7F9C56F-A617-40F8-A3C5-00AF33913C01}.Debug|Any CPU.Build.0 = Debug|Any CPU
		{A7F9C56F-A617-40F8-A3C5-00AF33913C01}.Release|Any CPU.ActiveCfg = Release|Any CPU
		{A7F9C56F-A617-40F8-A3C5-00AF33913C01}.Release|Any CPU.Build.0 = Release|Any CPU
		{A803C895-5F28-4AFD-9E61-BE9CD99A69DB}.Debug|Any CPU.ActiveCfg = Debug|Any CPU
		{A803C895-5F28-4AFD-9E61-BE9CD99A69DB}.Debug|Any CPU.Build.0 = Debug|Any CPU
		{A803C895-5F28-4AFD-9E61-BE9CD99A69DB}.Release|Any CPU.ActiveCfg = Release|Any CPU
		{A803C895-5F28-4AFD-9E61-BE9CD99A69DB}.Release|Any CPU.Build.0 = Release|Any CPU
	EndGlobalSection
	GlobalSection(SolutionProperties) = preSolution
		HideSolutionNode = FALSE
	EndGlobalSection
	GlobalSection(ExtensibilityGlobals) = postSolution
		SolutionGuid = {7CB0C814-635F-4865-ADAE-60FDEB478412}
	EndGlobalSection
EndGlobal
